<Solution>
  <Folder Name="/src/">
    <Project Path="src/CFC.ChatAI.Rag/CFC.ChatAI.Rag.csproj" />
  </Folder>
  <Folder Name="/tests/">
    <Project Path="tests/CFC.ChatAI.Rag.Tests/CFC.ChatAI.Rag.Tests.csproj" />
  </Folder>
  <Folder Name="/tools/">
    <Project Path="tools/CFC.ChatAI.Rag.Harness/CFC.ChatAI.Rag.Harness.csproj" />
  </Folder>
</Solution>
